
Microsoft Visual Studio Solution File, Format Version 12.00
# Visual Studio 15
VisualStudioVersion = 15.0.28010.2041
MinimumVisualStudioVersion = 10.0.40219.1
Project("{FAE04EC0-301F-11D3-BF4B-00C04F79EFBC}") = "AutoLotDAL_Core2", "AutoLotDAL_Core2\AutoLotDAL_Core2.csproj", "{C79CEA81-B12A-49C3-82EC-81D1587D3E6D}"
EndProject
Global
	GlobalSection(SolutionConfigurationPlatforms) = preSolution
		Debug|Any CPU = Debug|Any CPU
		Release|Any CPU = Release|Any CPU
	EndGlobalSection
	GlobalSection(ProjectConfigurationPlatforms) = postSolution
		{C79CEA81-B12A-49C3-82EC-81D1587D3E6D}.Debug|Any CPU.ActiveCfg = Debug|Any CPU
		{C79CEA81-B12A-49C3-82EC-81D1587D3E6D}.Debug|Any CPU.Build.0 = Debug|Any CPU
		{C79CEA81-B12A-49C3-82EC-81D1587D3E6D}.Release|Any CPU.ActiveCfg = Release|Any CPU
		{C79CEA81-B12A-49C3-82EC-81D1587D3E6D}.Release|Any CPU.Build.0 = Release|Any CPU
	EndGlobalSection
	GlobalSection(SolutionProperties) = preSolution
		HideSolutionNode = FALSE
	EndGlobalSection
	GlobalSection(ExtensibilityGlobals) = postSolution
		SolutionGuid = {47DA0440-AF48-4318-84AE-5D7FB42CC57F}
	EndGlobalSection
EndGlobal
